
Microsoft Visual Studio Solution File, Format Version 12.00
# Visual Studio Version 17
VisualStudioVersion = 17.0.31903.59
MinimumVisualStudioVersion = 10.0.40219.1
Project("{2150E333-8FDC-42A3-9474-1A3956D46DE8}") = "src", "src", "{827E0CD3-B72D-47B6-A68D-7590B98EB39B}"
EndProject
Project("{2150E333-8FDC-42A3-9474-1A3956D46DE8}") = "Core", "Core", "{8D626EA8-CB54-BC41-363A-217881BEBA6E}"
EndProject
Project("{FAE04EC0-301F-11D3-BF4B-00C04F79EFBC}") = "Vox.Domain", "src\Core\Vox.Domain\Vox.Domain.csproj", "{F069AE78-0EF3-406C-A7AD-1BB2F8F9AF3B}"
EndProject
Project("{FAE04EC0-301F-11D3-BF4B-00C04F79EFBC}") = "Vox.Application", "src\Core\Vox.Application\Vox.Application.csproj", "{A5D2CB1A-B023-4157-A09C-EEAEB2994F94}"
EndProject
Project("{2150E333-8FDC-42A3-9474-1A3956D46DE8}") = "Infrastructure", "Infrastructure", "{9048EB7F-3875-A59E-E36B-5BD4C6F2A282}"
EndProject
Project("{FAE04EC0-301F-11D3-BF4B-00C04F79EFBC}") = "Vox.Infrastructure", "src\Infrastructure\Vox.Infrastructure\Vox.Infrastructure.csproj", "{D59A0AA9-38FE-4F2C-84C3-479FCE4F57BB}"
EndProject
Project("{2150E333-8FDC-42A3-9474-1A3956D46DE8}") = "Presentation", "Presentation", "{6996BBF7-DB31-59BC-C7DD-9A7CCC6138C4}"
EndProject
Project("{FAE04EC0-301F-11D3-BF4B-00C04F79EFBC}") = "Vox.Api", "src\Presentation\Vox.Api\Vox.Api.csproj", "{43C62976-2FBB-4E35-B2C9-60D9B0336C5D}"
EndProject
Project("{2150E333-8FDC-42A3-9474-1A3956D46DE8}") = "Clients", "Clients", "{00B920E4-100F-D869-D8B1-04B3A2ED45DA}"
EndProject
Project("{FAE04EC0-301F-11D3-BF4B-00C04F79EFBC}") = "Vox.Shared.UI", "src\Clients\Vox.Shared.UI\Vox.Shared.UI.csproj", "{0E78EF00-28AA-4749-8202-696A51F4862B}"
EndProject
Project("{FAE04EC0-301F-11D3-BF4B-00C04F79EFBC}") = "Vox.Web", "src\Clients\Vox.Web\Vox.Web.csproj", "{9EF0E553-0CB6-4228-B2A0-31274DE951A5}"
EndProject
Project("{2150E333-8FDC-42A3-9474-1A3956D46DE8}") = "tests", "tests", "{0AB3BF05-4346-4AA6-1389-037BE0695223}"
EndProject
Project("{FAE04EC0-301F-11D3-BF4B-00C04F79EFBC}") = "Vox.Domain.Tests", "tests\Vox.Domain.Tests\Vox.Domain.Tests.csproj", "{008A1363-F968-4FD3-BB8B-0F72319FFD93}"
EndProject
Project("{FAE04EC0-301F-11D3-BF4B-00C04F79EFBC}") = "Vox.Application.Tests", "tests\Vox.Application.Tests\Vox.Application.Tests.csproj", "{038A8641-84DE-43E9-A21D-E6499A4DF540}"
EndProject
Project("{FAE04EC0-301F-11D3-BF4B-00C04F79EFBC}") = "Vox.Infrastructure.Tests", "tests\Vox.Infrastructure.Tests\Vox.Infrastructure.Tests.csproj", "{3222DD6E-8C80-4510-A2A6-9189CF97E8EF}"
EndProject
Project("{FAE04EC0-301F-11D3-BF4B-00C04F79EFBC}") = "Vox.Api.Tests", "tests\Vox.Api.Tests\Vox.Api.Tests.csproj", "{C72419A8-5501-4324-B4E7-8BB86D53C78C}"
EndProject
Project("{FAE04EC0-301F-11D3-BF4B-00C04F79EFBC}") = "Vox.Maui", "src\Clients\Vox.Maui\Vox.Maui.csproj", "{78525048-3ADC-4F87-B4AD-EBC67A173A68}"
EndProject
Global
	GlobalSection(SolutionConfigurationPlatforms) = preSolution
		Debug|Any CPU = Debug|Any CPU
		Debug|x64 = Debug|x64
		Debug|x86 = Debug|x86
		Release|Any CPU = Release|Any CPU
		Release|x64 = Release|x64
		Release|x86 = Release|x86
	EndGlobalSection
	GlobalSection(ProjectConfigurationPlatforms) = postSolution
		{F069AE78-0EF3-406C-A7AD-1BB2F8F9AF3B}.Debug|Any CPU.ActiveCfg = Debug|Any CPU
		{F069AE78-0EF3-406C-A7AD-1BB2F8F9AF3B}.Debug|Any CPU.Build.0 = Debug|Any CPU
		{F069AE78-0EF3-406C-A7AD-1BB2F8F9AF3B}.Debug|x64.ActiveCfg = Debug|Any CPU
		{F069AE78-0EF3-406C-A7AD-1BB2F8F9AF3B}.Debug|x64.Build.0 = Debug|Any CPU
		{F069AE78-0EF3-406C-A7AD-1BB2F8F9AF3B}.Debug|x86.ActiveCfg = Debug|Any CPU
		{F069AE78-0EF3-406C-A7AD-1BB2F8F9AF3B}.Debug|x86.Build.0 = Debug|Any CPU
		{F069AE78-0EF3-406C-A7AD-1BB2F8F9AF3B}.Release|Any CPU.ActiveCfg = Release|Any CPU
		{F069AE78-0EF3-406C-A7AD-1BB2F8F9AF3B}.Release|Any CPU.Build.0 = Release|Any CPU
		{F069AE78-0EF3-406C-A7AD-1BB2F8F9AF3B}.Release|x64.ActiveCfg = Release|Any CPU
		{F069AE78-0EF3-406C-A7AD-1BB2F8F9AF3B}.Release|x64.Build.0 = Release|Any CPU
		{F069AE78-0EF3-406C-A7AD-1BB2F8F9AF3B}.Release|x86.ActiveCfg = Release|Any CPU
		{F069AE78-0EF3-406C-A7AD-1BB2F8F9AF3B}.Release|x86.Build.0 = Release|Any CPU
		{A5D2CB1A-B023-4157-A09C-EEAEB2994F94}.Debug|Any CPU.ActiveCfg = Debug|Any CPU
		{A5D2CB1A-B023-4157-A09C-EEAEB2994F94}.Debug|Any CPU.Build.0 = Debug|Any CPU
		{A5D2CB1A-B023-4157-A09C-EEAEB2994F94}.Debug|x64.ActiveCfg = Debug|Any CPU
		{A5D2CB1A-B023-4157-A09C-EEAEB2994F94}.Debug|x64.Build.0 = Debug|Any CPU
		{A5D2CB1A-B023-4157-A09C-EEAEB2994F94}.Debug|x86.ActiveCfg = Debug|Any CPU
		{A5D2CB1A-B023-4157-A09C-EEAEB2994F94}.Debug|x86.Build.0 = Debug|Any CPU
		{A5D2CB1A-B023-4157-A09C-EEAEB2994F94}.Release|Any CPU.ActiveCfg = Release|Any CPU
		{A5D2CB1A-B023-4157-A09C-EEAEB2994F94}.Release|Any CPU.Build.0 = Release|Any CPU
		{A5D2CB1A-B023-4157-A09C-EEAEB2994F94}.Release|x64.ActiveCfg = Release|Any CPU
		{A5D2CB1A-B023-4157-A09C-EEAEB2994F94}.Release|x64.Build.0 = Release|Any CPU
		{A5D2CB1A-B023-4157-A09C-EEAEB2994F94}.Release|x86.ActiveCfg = Release|Any CPU
		{A5D2CB1A-B023-4157-A09C-EEAEB2994F94}.Release|x86.Build.0 = Release|Any CPU
		{D59A0AA9-38FE-4F2C-84C3-479FCE4F57BB}.Debug|Any CPU.ActiveCfg = Debug|Any CPU
		{D59A0AA9-38FE-4F2C-84C3-479FCE4F57BB}.Debug|Any CPU.Build.0 = Debug|Any CPU
		{D59A0AA9-38FE-4F2C-84C3-479FCE4F57BB}.Debug|x64.ActiveCfg = Debug|Any CPU
		{D59A0AA9-38FE-4F2C-84C3-479FCE4F57BB}.Debug|x64.Build.0 = Debug|Any CPU
		{D59A0AA9-38FE-4F2C-84C3-479FCE4F57BB}.Debug|x86.ActiveCfg = Debug|Any CPU
		{D59A0AA9-38FE-4F2C-84C3-479FCE4F57BB}.Debug|x86.Build.0 = Debug|Any CPU
		{D59A0AA9-38FE-4F2C-84C3-479FCE4F57BB}.Release|Any CPU.ActiveCfg = Release|Any CPU
		{D59A0AA9-38FE-4F2C-84C3-479FCE4F57BB}.Release|Any CPU.Build.0 = Release|Any CPU
		{D59A0AA9-38FE-4F2C-84C3-479FCE4F57BB}.Release|x64.ActiveCfg = Release|Any CPU
		{D59A0AA9-38FE-4F2C-84C3-479FCE4F57BB}.Release|x64.Build.0 = Release|Any CPU
		{D59A0AA9-38FE-4F2C-84C3-479FCE4F57BB}.Release|x86.ActiveCfg = Release|Any CPU
		{D59A0AA9-38FE-4F2C-84C3-479FCE4F57BB}.Release|x86.Build.0 = Release|Any CPU
		{43C62976-2FBB-4E35-B2C9-60D9B0336C5D}.Debug|Any CPU.ActiveCfg = Debug|Any CPU
		{43C62976-2FBB-4E35-B2C9-60D9B0336C5D}.Debug|Any CPU.Build.0 = Debug|Any CPU
		{43C62976-2FBB-4E35-B2C9-60D9B0336C5D}.Debug|x64.ActiveCfg = Debug|Any CPU
		{43C62976-2FBB-4E35-B2C9-60D9B0336C5D}.Debug|x64.Build.0 = Debug|Any CPU
		{43C62976-2FBB-4E35-B2C9-60D9B0336C5D}.Debug|x86.ActiveCfg = Debug|Any CPU
		{43C62976-2FBB-4E35-B2C9-60D9B0336C5D}.Debug|x86.Build.0 = Debug|Any CPU
		{43C62976-2FBB-4E35-B2C9-60D9B0336C5D}.Release|Any CPU.ActiveCfg = Release|Any CPU
		{43C62976-2FBB-4E35-B2C9-60D9B0336C5D}.Release|Any CPU.Build.0 = Release|Any CPU
		{43C62976-2FBB-4E35-B2C9-60D9B0336C5D}.Release|x64.ActiveCfg = Release|Any CPU
		{43C62976-2FBB-4E35-B2C9-60D9B0336C5D}.Release|x64.Build.0 = Release|Any CPU
		{43C62976-2FBB-4E35-B2C9-60D9B0336C5D}.Release|x86.ActiveCfg = Release|Any CPU
		{43C62976-2FBB-4E35-B2C9-60D9B0336C5D}.Release|x86.Build.0 = Release|Any CPU
		{0E78EF00-28AA-4749-8202-696A51F4862B}.Debug|Any CPU.ActiveCfg = Debug|Any CPU
		{0E78EF00-28AA-4749-8202-696A51F4862B}.Debug|Any CPU.Build.0 = Debug|Any CPU
		{0E78EF00-28AA-4749-8202-696A51F4862B}.Debug|x64.ActiveCfg = Debug|Any CPU
		{0E78EF00-28AA-4749-8202-696A51F4862B}.Debug|x64.Build.0 = Debug|Any CPU
		{0E78EF00-28AA-4749-8202-696A51F4862B}.Debug|x86.ActiveCfg = Debug|Any CPU
		{0E78EF00-28AA-4749-8202-696A51F4862B}.Debug|x86.Build.0 = Debug|Any CPU
		{0E78EF00-28AA-4749-8202-696A51F4862B}.Release|Any CPU.ActiveCfg = Release|Any CPU
		{0E78EF00-28AA-4749-8202-696A51F4862B}.Release|Any CPU.Build.0 = Release|Any CPU
		{0E78EF00-28AA-4749-8202-696A51F4862B}.Release|x64.ActiveCfg = Release|Any CPU
		{0E78EF00-28AA-4749-8202-696A51F4862B}.Release|x64.Build.0 = Release|Any CPU
		{0E78EF00-28AA-4749-8202-696A51F4862B}.Release|x86.ActiveCfg = Release|Any CPU
		{0E78EF00-28AA-4749-8202-696A51F4862B}.Release|x86.Build.0 = Release|Any CPU
		{9EF0E553-0CB6-4228-B2A0-31274DE951A5}.Debug|Any CPU.ActiveCfg = Debug|Any CPU
		{9EF0E553-0CB6-4228-B2A0-31274DE951A5}.Debug|Any CPU.Build.0 = Debug|Any CPU
		{9EF0E553-0CB6-4228-B2A0-31274DE951A5}.Debug|x64.ActiveCfg = Debug|Any CPU
		{9EF0E553-0CB6-4228-B2A0-31274DE951A5}.Debug|x64.Build.0 = Debug|Any CPU
		{9EF0E553-0CB6-4228-B2A0-31274DE951A5}.Debug|x86.ActiveCfg = Debug|Any CPU
		{9EF0E553-0CB6-4228-B2A0-31274DE951A5}.Debug|x86.Build.0 = Debug|Any CPU
		{9EF0E553-0CB6-4228-B2A0-31274DE951A5}.Release|Any CPU.ActiveCfg = Release|Any CPU
		{9EF0E553-0CB6-4228-B2A0-31274DE951A5}.Release|Any CPU.Build.0 = Release|Any CPU
		{9EF0E553-0CB6-4228-B2A0-31274DE951A5}.Release|x64.ActiveCfg = Release|Any CPU
		{9EF0E553-0CB6-4228-B2A0-31274DE951A5}.Release|x64.Build.0 = Release|Any CPU
		{9EF0E553-0CB6-4228-B2A0-31274DE951A5}.Release|x86.ActiveCfg = Release|Any CPU
		{9EF0E553-0CB6-4228-B2A0-31274DE951A5}.Release|x86.Build.0 = Release|Any CPU
		{008A1363-F968-4FD3-BB8B-0F72319FFD93}.Debug|Any CPU.ActiveCfg = Debug|Any CPU
		{008A1363-F968-4FD3-BB8B-0F72319FFD93}.Debug|Any CPU.Build.0 = Debug|Any CPU
		{008A1363-F968-4FD3-BB8B-0F72319FFD93}.Debug|x64.ActiveCfg = Debug|Any CPU
		{008A1363-F968-4FD3-BB8B-0F72319FFD93}.Debug|x64.Build.0 = Debug|Any CPU
		{008A1363-F968-4FD3-BB8B-0F72319FFD93}.Debug|x86.ActiveCfg = Debug|Any CPU
		{008A1363-F968-4FD3-BB8B-0F72319FFD93}.Debug|x86.Build.0 = Debug|Any CPU
		{008A1363-F968-4FD3-BB8B-0F72319FFD93}.Release|Any CPU.ActiveCfg = Release|Any CPU
		{008A1363-F968-4FD3-BB8B-0F72319FFD93}.Release|Any CPU.Build.0 = Release|Any CPU
		{008A1363-F968-4FD3-BB8B-0F72319FFD93}.Release|x64.ActiveCfg = Release|Any CPU
		{008A1363-F968-4FD3-BB8B-0F72319FFD93}.Release|x64.Build.0 = Release|Any CPU
		{008A1363-F968-4FD3-BB8B-0F72319FFD93}.Release|x86.ActiveCfg = Release|Any CPU
		{008A1363-F968-4FD3-BB8B-0F72319FFD93}.Release|x86.Build.0 = Release|Any CPU
		{038A8641-84DE-43E9-A21D-E6499A4DF540}.Debug|Any CPU.ActiveCfg = Debug|Any CPU
		{038A8641-84DE-43E9-A21D-E6499A4DF540}.Debug|Any CPU.Build.0 = Debug|Any CPU
		{038A8641-84DE-43E9-A21D-E6499A4DF540}.Debug|x64.ActiveCfg = Debug|Any CPU
		{038A8641-84DE-43E9-A21D-E6499A4DF540}.Debug|x64.Build.0 = Debug|Any CPU
		{038A8641-84DE-43E9-A21D-E6499A4DF540}.Debug|x86.ActiveCfg = Debug|Any CPU
		{038A8641-84DE-43E9-A21D-E6499A4DF540}.Debug|x86.Build.0 = Debug|Any CPU
		{038A8641-84DE-43E9-A21D-E6499A4DF540}.Release|Any CPU.ActiveCfg = Release|Any CPU
		{038A8641-84DE-43E9-A21D-E6499A4DF540}.Release|Any CPU.Build.0 = Release|Any CPU
		{038A8641-84DE-43E9-A21D-E6499A4DF540}.Release|x64.ActiveCfg = Release|Any CPU
		{038A8641-84DE-43E9-A21D-E6499A4DF540}.Release|x64.Build.0 = Release|Any CPU
		{038A8641-84DE-43E9-A21D-E6499A4DF540}.Release|x86.ActiveCfg = Release|Any CPU
		{038A8641-84DE-43E9-A21D-E6499A4DF540}.Release|x86.Build.0 = Release|Any CPU
		{3222DD6E-8C80-4510-A2A6-9189CF97E8EF}.Debug|Any CPU.ActiveCfg = Debug|Any CPU
		{3222DD6E-8C80-4510-A2A6-9189CF97E8EF}.Debug|Any CPU.Build.0 = Debug|Any CPU
		{3222DD6E-8C80-4510-A2A6-9189CF97E8EF}.Debug|x64.ActiveCfg = Debug|Any CPU
		{3222DD6E-8C80-4510-A2A6-9189CF97E8EF}.Debug|x64.Build.0 = Debug|Any CPU
		{3222DD6E-8C80-4510-A2A6-9189CF97E8EF}.Debug|x86.ActiveCfg = Debug|Any CPU
		{3222DD6E-8C80-4510-A2A6-9189CF97E8EF}.Debug|x86.Build.0 = Debug|Any CPU
		{3222DD6E-8C80-4510-A2A6-9189CF97E8EF}.Release|Any CPU.ActiveCfg = Release|Any CPU
		{3222DD6E-8C80-4510-A2A6-9189CF97E8EF}.Release|Any CPU.Build.0 = Release|Any CPU
		{3222DD6E-8C80-4510-A2A6-9189CF97E8EF}.Release|x64.ActiveCfg = Release|Any CPU
		{3222DD6E-8C80-4510-A2A6-9189CF97E8EF}.Release|x64.Build.0 = Release|Any CPU
		{3222DD6E-8C80-4510-A2A6-9189CF97E8EF}.Release|x86.ActiveCfg = Release|Any CPU
		{3222DD6E-8C80-4510-A2A6-9189CF97E8EF}.Release|x86.Build.0 = Release|Any CPU
		{C72419A8-5501-4324-B4E7-8BB86D53C78C}.Debug|Any CPU.ActiveCfg = Debug|Any CPU
		{C72419A8-5501-4324-B4E7-8BB86D53C78C}.Debug|Any CPU.Build.0 = Debug|Any CPU
		{C72419A8-5501-4324-B4E7-8BB86D53C78C}.Debug|x64.ActiveCfg = Debug|Any CPU
		{C72419A8-5501-4324-B4E7-8BB86D53C78C}.Debug|x64.Build.0 = Debug|Any CPU
		{C72419A8-5501-4324-B4E7-8BB86D53C78C}.Debug|x86.ActiveCfg = Debug|Any CPU
		{C72419A8-5501-4324-B4E7-8BB86D53C78C}.Debug|x86.Build.0 = Debug|Any CPU
		{C72419A8-5501-4324-B4E7-8BB86D53C78C}.Release|Any CPU.ActiveCfg = Release|Any CPU
		{C72419A8-5501-4324-B4E7-8BB86D53C78C}.Release|Any CPU.Build.0 = Release|Any CPU
		{C72419A8-5501-4324-B4E7-8BB86D53C78C}.Release|x64.ActiveCfg = Release|Any CPU
		{C72419A8-5501-4324-B4E7-8BB86D53C78C}.Release|x64.Build.0 = Release|Any CPU
		{C72419A8-5501-4324-B4E7-8BB86D53C78C}.Release|x86.ActiveCfg = Release|Any CPU
		{C72419A8-5501-4324-B4E7-8BB86D53C78C}.Release|x86.Build.0 = Release|Any CPU
		{78525048-3ADC-4F87-B4AD-EBC67A173A68}.Debug|Any CPU.ActiveCfg = Debug|Any CPU
		{78525048-3ADC-4F87-B4AD-EBC67A173A68}.Debug|x64.ActiveCfg = Debug|Any CPU
		{78525048-3ADC-4F87-B4AD-EBC67A173A68}.Debug|x86.ActiveCfg = Debug|Any CPU
		{78525048-3ADC-4F87-B4AD-EBC67A173A68}.Release|Any CPU.ActiveCfg = Release|Any CPU
		{78525048-3ADC-4F87-B4AD-EBC67A173A68}.Release|x64.ActiveCfg = Release|Any CPU
		{78525048-3ADC-4F87-B4AD-EBC67A173A68}.Release|x86.ActiveCfg = Release|Any CPU
	EndGlobalSection
	GlobalSection(SolutionProperties) = preSolution
		HideSolutionNode = FALSE
	EndGlobalSection
	GlobalSection(NestedProjects) = preSolution
		{8D626EA8-CB54-BC41-363A-217881BEBA6E} = {827E0CD3-B72D-47B6-A68D-7590B98EB39B}
		{F069AE78-0EF3-406C-A7AD-1BB2F8F9AF3B} = {8D626EA8-CB54-BC41-363A-217881BEBA6E}
		{A5D2CB1A-B023-4157-A09C-EEAEB2994F94} = {8D626EA8-CB54-BC41-363A-217881BEBA6E}
		{9048EB7F-3875-A59E-E36B-5BD4C6F2A282} = {827E0CD3-B72D-47B6-A68D-7590B98EB39B}
		{D59A0AA9-38FE-4F2C-84C3-479FCE4F57BB} = {9048EB7F-3875-A59E-E36B-5BD4C6F2A282}
		{6996BBF7-DB31-59BC-C7DD-9A7CCC6138C4} = {827E0CD3-B72D-47B6-A68D-7590B98EB39B}
		{43C62976-2FBB-4E35-B2C9-60D9B0336C5D} = {6996BBF7-DB31-59BC-C7DD-9A7CCC6138C4}
		{00B920E4-100F-D869-D8B1-04B3A2ED45DA} = {827E0CD3-B72D-47B6-A68D-7590B98EB39B}
		{0E78EF00-28AA-4749-8202-696A51F4862B} = {00B920E4-100F-D869-D8B1-04B3A2ED45DA}
		{9EF0E553-0CB6-4228-B2A0-31274DE951A5} = {00B920E4-100F-D869-D8B1-04B3A2ED45DA}
		{008A1363-F968-4FD3-BB8B-0F72319FFD93} = {0AB3BF05-4346-4AA6-1389-037BE0695223}
		{038A8641-84DE-43E9-A21D-E6499A4DF540} = {0AB3BF05-4346-4AA6-1389-037BE0695223}
		{3222DD6E-8C80-4510-A2A6-9189CF97E8EF} = {0AB3BF05-4346-4AA6-1389-037BE0695223}
		{C72419A8-5501-4324-B4E7-8BB86D53C78C} = {0AB3BF05-4346-4AA6-1389-037BE0695223}
		{78525048-3ADC-4F87-B4AD-EBC67A173A68} = {00B920E4-100F-D869-D8B1-04B3A2ED45DA}
	EndGlobalSection
EndGlobal
