
Microsoft Visual Studio Solution File, Format Version 12.00
# Visual Studio Version 17
VisualStudioVersion = 17.0.31903.59
MinimumVisualStudioVersion = 10.0.40219.1
Project("{2150E333-8FDC-42A3-9474-1A3956D46DE8}") = "src", "src", "{827E0CD3-B72D-47B6-A68D-7590B98EB39B}"
EndProject
Project("{2150E333-8FDC-42A3-9474-1A3956D46DE8}") = "Core", "Core", "{8D626EA8-CB54-BC41-363A-217881BEBA6E}"
EndProject
Project("{FAE04EC0-301F-11D3-BF4B-00C04F79EFBC}") = "Vox.Domain", "src\Core\Vox.Domain\Vox.Domain.csproj", "{420D1B4F-7109-4B0B-9F87-B22523308C9F}"
EndProject
Project("{FAE04EC0-301F-11D3-BF4B-00C04F79EFBC}") = "Vox.Application", "src\Core\Vox.Application\Vox.Application.csproj", "{DECCBFB4-9534-4C1D-8268-849542473991}"
EndProject
Project("{FAE04EC0-301F-11D3-BF4B-00C04F79EFBC}") = "Vox.Infrastructure", "src\Infrastructure\Vox.Infrastructure\Vox.Infrastructure.csproj", "{6E83BB34-DE84-439A-ADBA-5958C6710498}"
EndProject
Project("{FAE04EC0-301F-11D3-BF4B-00C04F79EFBC}") = "Vox.Api", "src\Presentation\Vox.Api\Vox.Api.csproj", "{977736EF-6E1B-40AB-A786-C7E512DF2DCB}"
EndProject
Project("{FAE04EC0-301F-11D3-BF4B-00C04F79EFBC}") = "Vox.Shared.UI", "src\Clients\Vox.Shared.UI\Vox.Shared.UI.csproj", "{2538423F-502E-4274-9AC2-093CBF7CFE59}"
EndProject
Project("{FAE04EC0-301F-11D3-BF4B-00C04F79EFBC}") = "Vox.Web", "src\Clients\Vox.Web\Vox.Web.csproj", "{0B10B6B5-376F-465B-AD4B-656EF9F49E47}"
EndProject
Project("{FAE04EC0-301F-11D3-BF4B-00C04F79EFBC}") = "Vox.Domain.Tests", "tests\Vox.Domain.Tests\Vox.Domain.Tests.csproj", "{126EF842-C880-4911-99C5-20B4B60836D8}"
EndProject
Project("{FAE04EC0-301F-11D3-BF4B-00C04F79EFBC}") = "Vox.Application.Tests", "tests\Vox.Application.Tests\Vox.Application.Tests.csproj", "{667641B7-DA88-45DC-A9BF-E66BC426212F}"
EndProject
Project("{FAE04EC0-301F-11D3-BF4B-00C04F79EFBC}") = "Vox.Infrastructure.Tests", "tests\Vox.Infrastructure.Tests\Vox.Infrastructure.Tests.csproj", "{2A6B5DB7-C0AA-4D0E-A4BE-FFBAC4D9794D}"
EndProject
Project("{FAE04EC0-301F-11D3-BF4B-00C04F79EFBC}") = "Vox.Api.Tests", "tests\Vox.Api.Tests\Vox.Api.Tests.csproj", "{A3E79959-C7F6-4ACE-8615-BBDCC39E5F04}"
EndProject
Project("{2150E333-8FDC-42A3-9474-1A3956D46DE8}") = "Clients", "Clients", "{00B920E4-100F-D869-D8B1-04B3A2ED45DA}"
EndProject
Project("{FAE04EC0-301F-11D3-BF4B-00C04F79EFBC}") = "Vox.Maui", "src\Clients\Vox.Maui\Vox.Maui.csproj", "{F17E7C22-7FA3-4B1D-A5AB-D172F4A17B15}"
EndProject
Global
	GlobalSection(SolutionConfigurationPlatforms) = preSolution
		Debug|Any CPU = Debug|Any CPU
		Debug|x64 = Debug|x64
		Debug|x86 = Debug|x86
		Release|Any CPU = Release|Any CPU
		Release|x64 = Release|x64
		Release|x86 = Release|x86
	EndGlobalSection
	GlobalSection(ProjectConfigurationPlatforms) = postSolution
		{420D1B4F-7109-4B0B-9F87-B22523308C9F}.Debug|Any CPU.ActiveCfg = Debug|Any CPU
		{420D1B4F-7109-4B0B-9F87-B22523308C9F}.Debug|Any CPU.Build.0 = Debug|Any CPU
		{420D1B4F-7109-4B0B-9F87-B22523308C9F}.Debug|x64.ActiveCfg = Debug|Any CPU
		{420D1B4F-7109-4B0B-9F87-B22523308C9F}.Debug|x64.Build.0 = Debug|Any CPU
		{420D1B4F-7109-4B0B-9F87-B22523308C9F}.Debug|x86.ActiveCfg = Debug|Any CPU
		{420D1B4F-7109-4B0B-9F87-B22523308C9F}.Debug|x86.Build.0 = Debug|Any CPU
		{420D1B4F-7109-4B0B-9F87-B22523308C9F}.Release|Any CPU.ActiveCfg = Release|Any CPU
		{420D1B4F-7109-4B0B-9F87-B22523308C9F}.Release|Any CPU.Build.0 = Release|Any CPU
		{420D1B4F-7109-4B0B-9F87-B22523308C9F}.Release|x64.ActiveCfg = Release|Any CPU
		{420D1B4F-7109-4B0B-9F87-B22523308C9F}.Release|x64.Build.0 = Release|Any CPU
		{420D1B4F-7109-4B0B-9F87-B22523308C9F}.Release|x86.ActiveCfg = Release|Any CPU
		{420D1B4F-7109-4B0B-9F87-B22523308C9F}.Release|x86.Build.0 = Release|Any CPU
		{DECCBFB4-9534-4C1D-8268-849542473991}.Debug|Any CPU.ActiveCfg = Debug|Any CPU
		{DECCBFB4-9534-4C1D-8268-849542473991}.Debug|Any CPU.Build.0 = Debug|Any CPU
		{DECCBFB4-9534-4C1D-8268-849542473991}.Debug|x64.ActiveCfg = Debug|Any CPU
		{DECCBFB4-9534-4C1D-8268-849542473991}.Debug|x64.Build.0 = Debug|Any CPU
		{DECCBFB4-9534-4C1D-8268-849542473991}.Debug|x86.ActiveCfg = Debug|Any CPU
		{DECCBFB4-9534-4C1D-8268-849542473991}.Debug|x86.Build.0 = Debug|Any CPU
		{DECCBFB4-9534-4C1D-8268-849542473991}.Release|Any CPU.ActiveCfg = Release|Any CPU
		{DECCBFB4-9534-4C1D-8268-849542473991}.Release|Any CPU.Build.0 = Release|Any CPU
		{DECCBFB4-9534-4C1D-8268-849542473991}.Release|x64.ActiveCfg = Release|Any CPU
		{DECCBFB4-9534-4C1D-8268-849542473991}.Release|x64.Build.0 = Release|Any CPU
		{DECCBFB4-9534-4C1D-8268-849542473991}.Release|x86.ActiveCfg = Release|Any CPU
		{DECCBFB4-9534-4C1D-8268-849542473991}.Release|x86.Build.0 = Release|Any CPU
		{6E83BB34-DE84-439A-ADBA-5958C6710498}.Debug|Any CPU.ActiveCfg = Debug|Any CPU
		{6E83BB34-DE84-439A-ADBA-5958C6710498}.Debug|Any CPU.Build.0 = Debug|Any CPU
		{6E83BB34-DE84-439A-ADBA-5958C6710498}.Debug|x64.ActiveCfg = Debug|Any CPU
		{6E83BB34-DE84-439A-ADBA-5958C6710498}.Debug|x64.Build.0 = Debug|Any CPU
		{6E83BB34-DE84-439A-ADBA-5958C6710498}.Debug|x86.ActiveCfg = Debug|Any CPU
		{6E83BB34-DE84-439A-ADBA-5958C6710498}.Debug|x86.Build.0 = Debug|Any CPU
		{6E83BB34-DE84-439A-ADBA-5958C6710498}.Release|Any CPU.ActiveCfg = Release|Any CPU
		{6E83BB34-DE84-439A-ADBA-5958C6710498}.Release|Any CPU.Build.0 = Release|Any CPU
		{6E83BB34-DE84-439A-ADBA-5958C6710498}.Release|x64.ActiveCfg = Release|Any CPU
		{6E83BB34-DE84-439A-ADBA-5958C6710498}.Release|x64.Build.0 = Release|Any CPU
		{6E83BB34-DE84-439A-ADBA-5958C6710498}.Release|x86.ActiveCfg = Release|Any CPU
		{6E83BB34-DE84-439A-ADBA-5958C6710498}.Release|x86.Build.0 = Release|Any CPU
		{977736EF-6E1B-40AB-A786-C7E512DF2DCB}.Debug|Any CPU.ActiveCfg = Debug|Any CPU
		{977736EF-6E1B-40AB-A786-C7E512DF2DCB}.Debug|Any CPU.Build.0 = Debug|Any CPU
		{977736EF-6E1B-40AB-A786-C7E512DF2DCB}.Debug|x64.ActiveCfg = Debug|Any CPU
		{977736EF-6E1B-40AB-A786-C7E512DF2DCB}.Debug|x64.Build.0 = Debug|Any CPU
		{977736EF-6E1B-40AB-A786-C7E512DF2DCB}.Debug|x86.ActiveCfg = Debug|Any CPU
		{977736EF-6E1B-40AB-A786-C7E512DF2DCB}.Debug|x86.Build.0 = Debug|Any CPU
		{977736EF-6E1B-40AB-A786-C7E512DF2DCB}.Release|Any CPU.ActiveCfg = Release|Any CPU
		{977736EF-6E1B-40AB-A786-C7E512DF2DCB}.Release|Any CPU.Build.0 = Release|Any CPU
		{977736EF-6E1B-40AB-A786-C7E512DF2DCB}.Release|x64.ActiveCfg = Release|Any CPU
		{977736EF-6E1B-40AB-A786-C7E512DF2DCB}.Release|x64.Build.0 = Release|Any CPU
		{977736EF-6E1B-40AB-A786-C7E512DF2DCB}.Release|x86.ActiveCfg = Release|Any CPU
		{977736EF-6E1B-40AB-A786-C7E512DF2DCB}.Release|x86.Build.0 = Release|Any CPU
		{2538423F-502E-4274-9AC2-093CBF7CFE59}.Debug|Any CPU.ActiveCfg = Debug|Any CPU
		{2538423F-502E-4274-9AC2-093CBF7CFE59}.Debug|Any CPU.Build.0 = Debug|Any CPU
		{2538423F-502E-4274-9AC2-093CBF7CFE59}.Debug|x64.ActiveCfg = Debug|Any CPU
		{2538423F-502E-4274-9AC2-093CBF7CFE59}.Debug|x64.Build.0 = Debug|Any CPU
		{2538423F-502E-4274-9AC2-093CBF7CFE59}.Debug|x86.ActiveCfg = Debug|Any CPU
		{2538423F-502E-4274-9AC2-093CBF7CFE59}.Debug|x86.Build.0 = Debug|Any CPU
		{2538423F-502E-4274-9AC2-093CBF7CFE59}.Release|Any CPU.ActiveCfg = Release|Any CPU
		{2538423F-502E-4274-9AC2-093CBF7CFE59}.Release|Any CPU.Build.0 = Release|Any CPU
		{2538423F-502E-4274-9AC2-093CBF7CFE59}.Release|x64.ActiveCfg = Release|Any CPU
		{2538423F-502E-4274-9AC2-093CBF7CFE59}.Release|x64.Build.0 = Release|Any CPU
		{2538423F-502E-4274-9AC2-093CBF7CFE59}.Release|x86.ActiveCfg = Release|Any CPU
		{2538423F-502E-4274-9AC2-093CBF7CFE59}.Release|x86.Build.0 = Release|Any CPU
		{0B10B6B5-376F-465B-AD4B-656EF9F49E47}.Debug|Any CPU.ActiveCfg = Debug|Any CPU
		{0B10B6B5-376F-465B-AD4B-656EF9F49E47}.Debug|Any CPU.Build.0 = Debug|Any CPU
		{0B10B6B5-376F-465B-AD4B-656EF9F49E47}.Debug|x64.ActiveCfg = Debug|Any CPU
		{0B10B6B5-376F-465B-AD4B-656EF9F49E47}.Debug|x64.Build.0 = Debug|Any CPU
		{0B10B6B5-376F-465B-AD4B-656EF9F49E47}.Debug|x86.ActiveCfg = Debug|Any CPU
		{0B10B6B5-376F-465B-AD4B-656EF9F49E47}.Debug|x86.Build.0 = Debug|Any CPU
		{0B10B6B5-376F-465B-AD4B-656EF9F49E47}.Release|Any CPU.ActiveCfg = Release|Any CPU
		{0B10B6B5-376F-465B-AD4B-656EF9F49E47}.Release|Any CPU.Build.0 = Release|Any CPU
		{0B10B6B5-376F-465B-AD4B-656EF9F49E47}.Release|x64.ActiveCfg = Release|Any CPU
		{0B10B6B5-376F-465B-AD4B-656EF9F49E47}.Release|x64.Build.0 = Release|Any CPU
		{0B10B6B5-376F-465B-AD4B-656EF9F49E47}.Release|x86.ActiveCfg = Release|Any CPU
		{0B10B6B5-376F-465B-AD4B-656EF9F49E47}.Release|x86.Build.0 = Release|Any CPU
		{126EF842-C880-4911-99C5-20B4B60836D8}.Debug|Any CPU.ActiveCfg = Debug|Any CPU
		{126EF842-C880-4911-99C5-20B4B60836D8}.Debug|Any CPU.Build.0 = Debug|Any CPU
		{126EF842-C880-4911-99C5-20B4B60836D8}.Debug|x64.ActiveCfg = Debug|Any CPU
		{126EF842-C880-4911-99C5-20B4B60836D8}.Debug|x64.Build.0 = Debug|Any CPU
		{126EF842-C880-4911-99C5-20B4B60836D8}.Debug|x86.ActiveCfg = Debug|Any CPU
		{126EF842-C880-4911-99C5-20B4B60836D8}.Debug|x86.Build.0 = Debug|Any CPU
		{126EF842-C880-4911-99C5-20B4B60836D8}.Release|Any CPU.ActiveCfg = Release|Any CPU
		{126EF842-C880-4911-99C5-20B4B60836D8}.Release|Any CPU.Build.0 = Release|Any CPU
		{126EF842-C880-4911-99C5-20B4B60836D8}.Release|x64.ActiveCfg = Release|Any CPU
		{126EF842-C880-4911-99C5-20B4B60836D8}.Release|x64.Build.0 = Release|Any CPU
		{126EF842-C880-4911-99C5-20B4B60836D8}.Release|x86.ActiveCfg = Release|Any CPU
		{126EF842-C880-4911-99C5-20B4B60836D8}.Release|x86.Build.0 = Release|Any CPU
		{667641B7-DA88-45DC-A9BF-E66BC426212F}.Debug|Any CPU.ActiveCfg = Debug|Any CPU
		{667641B7-DA88-45DC-A9BF-E66BC426212F}.Debug|Any CPU.Build.0 = Debug|Any CPU
		{667641B7-DA88-45DC-A9BF-E66BC426212F}.Debug|x64.ActiveCfg = Debug|Any CPU
		{667641B7-DA88-45DC-A9BF-E66BC426212F}.Debug|x64.Build.0 = Debug|Any CPU
		{667641B7-DA88-45DC-A9BF-E66BC426212F}.Debug|x86.ActiveCfg = Debug|Any CPU
		{667641B7-DA88-45DC-A9BF-E66BC426212F}.Debug|x86.Build.0 = Debug|Any CPU
		{667641B7-DA88-45DC-A9BF-E66BC426212F}.Release|Any CPU.ActiveCfg = Release|Any CPU
		{667641B7-DA88-45DC-A9BF-E66BC426212F}.Release|Any CPU.Build.0 = Release|Any CPU
		{667641B7-DA88-45DC-A9BF-E66BC426212F}.Release|x64.ActiveCfg = Release|Any CPU
		{667641B7-DA88-45DC-A9BF-E66BC426212F}.Release|x64.Build.0 = Release|Any CPU
		{667641B7-DA88-45DC-A9BF-E66BC426212F}.Release|x86.ActiveCfg = Release|Any CPU
		{667641B7-DA88-45DC-A9BF-E66BC426212F}.Release|x86.Build.0 = Release|Any CPU
		{2A6B5DB7-C0AA-4D0E-A4BE-FFBAC4D9794D}.Debug|Any CPU.ActiveCfg = Debug|Any CPU
		{2A6B5DB7-C0AA-4D0E-A4BE-FFBAC4D9794D}.Debug|Any CPU.Build.0 = Debug|Any CPU
		{2A6B5DB7-C0AA-4D0E-A4BE-FFBAC4D9794D}.Debug|x64.ActiveCfg = Debug|Any CPU
		{2A6B5DB7-C0AA-4D0E-A4BE-FFBAC4D9794D}.Debug|x64.Build.0 = Debug|Any CPU
		{2A6B5DB7-C0AA-4D0E-A4BE-FFBAC4D9794D}.Debug|x86.ActiveCfg = Debug|Any CPU
		{2A6B5DB7-C0AA-4D0E-A4BE-FFBAC4D9794D}.Debug|x86.Build.0 = Debug|Any CPU
		{2A6B5DB7-C0AA-4D0E-A4BE-FFBAC4D9794D}.Release|Any CPU.ActiveCfg = Release|Any CPU
		{2A6B5DB7-C0AA-4D0E-A4BE-FFBAC4D9794D}.Release|Any CPU.Build.0 = Release|Any CPU
		{2A6B5DB7-C0AA-4D0E-A4BE-FFBAC4D9794D}.Release|x64.ActiveCfg = Release|Any CPU
		{2A6B5DB7-C0AA-4D0E-A4BE-FFBAC4D9794D}.Release|x64.Build.0 = Release|Any CPU
		{2A6B5DB7-C0AA-4D0E-A4BE-FFBAC4D9794D}.Release|x86.ActiveCfg = Release|Any CPU
		{2A6B5DB7-C0AA-4D0E-A4BE-FFBAC4D9794D}.Release|x86.Build.0 = Release|Any CPU
		{A3E79959-C7F6-4ACE-8615-BBDCC39E5F04}.Debug|Any CPU.ActiveCfg = Debug|Any CPU
		{A3E79959-C7F6-4ACE-8615-BBDCC39E5F04}.Debug|Any CPU.Build.0 = Debug|Any CPU
		{A3E79959-C7F6-4ACE-8615-BBDCC39E5F04}.Debug|x64.ActiveCfg = Debug|Any CPU
		{A3E79959-C7F6-4ACE-8615-BBDCC39E5F04}.Debug|x64.Build.0 = Debug|Any CPU
		{A3E79959-C7F6-4ACE-8615-BBDCC39E5F04}.Debug|x86.ActiveCfg = Debug|Any CPU
		{A3E79959-C7F6-4ACE-8615-BBDCC39E5F04}.Debug|x86.Build.0 = Debug|Any CPU
		{A3E79959-C7F6-4ACE-8615-BBDCC39E5F04}.Release|Any CPU.ActiveCfg = Release|Any CPU
		{A3E79959-C7F6-4ACE-8615-BBDCC39E5F04}.Release|Any CPU.Build.0 = Release|Any CPU
		{A3E79959-C7F6-4ACE-8615-BBDCC39E5F04}.Release|x64.ActiveCfg = Release|Any CPU
		{A3E79959-C7F6-4ACE-8615-BBDCC39E5F04}.Release|x64.Build.0 = Release|Any CPU
		{A3E79959-C7F6-4ACE-8615-BBDCC39E5F04}.Release|x86.ActiveCfg = Release|Any CPU
		{A3E79959-C7F6-4ACE-8615-BBDCC39E5F04}.Release|x86.Build.0 = Release|Any CPU
		{F17E7C22-7FA3-4B1D-A5AB-D172F4A17B15}.Debug|Any CPU.ActiveCfg = Debug|Any CPU
		{F17E7C22-7FA3-4B1D-A5AB-D172F4A17B15}.Debug|x64.ActiveCfg = Debug|Any CPU
		{F17E7C22-7FA3-4B1D-A5AB-D172F4A17B15}.Debug|x86.ActiveCfg = Debug|Any CPU
		{F17E7C22-7FA3-4B1D-A5AB-D172F4A17B15}.Release|Any CPU.ActiveCfg = Release|Any CPU
		{F17E7C22-7FA3-4B1D-A5AB-D172F4A17B15}.Release|x64.ActiveCfg = Release|Any CPU
		{F17E7C22-7FA3-4B1D-A5AB-D172F4A17B15}.Release|x86.ActiveCfg = Release|Any CPU
	EndGlobalSection
	GlobalSection(SolutionProperties) = preSolution
		HideSolutionNode = FALSE
	EndGlobalSection
	GlobalSection(NestedProjects) = preSolution
		{8D626EA8-CB54-BC41-363A-217881BEBA6E} = {827E0CD3-B72D-47B6-A68D-7590B98EB39B}
		{420D1B4F-7109-4B0B-9F87-B22523308C9F} = {8D626EA8-CB54-BC41-363A-217881BEBA6E}
		{DECCBFB4-9534-4C1D-8268-849542473991} = {8D626EA8-CB54-BC41-363A-217881BEBA6E}
		{6E83BB34-DE84-439A-ADBA-5958C6710498} = {8D626EA8-CB54-BC41-363A-217881BEBA6E}
		{977736EF-6E1B-40AB-A786-C7E512DF2DCB} = {8D626EA8-CB54-BC41-363A-217881BEBA6E}
		{2538423F-502E-4274-9AC2-093CBF7CFE59} = {8D626EA8-CB54-BC41-363A-217881BEBA6E}
		{0B10B6B5-376F-465B-AD4B-656EF9F49E47} = {8D626EA8-CB54-BC41-363A-217881BEBA6E}
		{126EF842-C880-4911-99C5-20B4B60836D8} = {8D626EA8-CB54-BC41-363A-217881BEBA6E}
		{667641B7-DA88-45DC-A9BF-E66BC426212F} = {8D626EA8-CB54-BC41-363A-217881BEBA6E}
		{2A6B5DB7-C0AA-4D0E-A4BE-FFBAC4D9794D} = {8D626EA8-CB54-BC41-363A-217881BEBA6E}
		{A3E79959-C7F6-4ACE-8615-BBDCC39E5F04} = {8D626EA8-CB54-BC41-363A-217881BEBA6E}
		{00B920E4-100F-D869-D8B1-04B3A2ED45DA} = {827E0CD3-B72D-47B6-A68D-7590B98EB39B}
		{F17E7C22-7FA3-4B1D-A5AB-D172F4A17B15} = {00B920E4-100F-D869-D8B1-04B3A2ED45DA}
	EndGlobalSection
EndGlobal
